
Microsoft Visual Studio Solution File, Format Version 12.00
# Visual Studio 15
VisualStudioVersion = 15.0.27130.2024
MinimumVisualStudioVersion = 10.0.40219.1
Project("{8BC9CEB8-8B4A-11D0-8D11-00A0C91BC942}") = "Konsultacj2", "Konsultacj2.vcxproj", "{B3A13D47-69FC-498B-BE10-EFEAB0265CC6}"
EndProject
Global
	GlobalSection(SolutionConfigurationPlatforms) = preSolution
		Debug|x64 = Debug|x64
		Debug|x86 = Debug|x86
		Release|x64 = Release|x64
		Release|x86 = Release|x86
	EndGlobalSection
	GlobalSection(ProjectConfigurationPlatforms) = postSolution
		{B3A13D47-69FC-498B-BE10-EFEAB0265CC6}.Debug|x64.ActiveCfg = Debug|x64
		{B3A13D47-69FC-498B-BE10-EFEAB0265CC6}.Debug|x64.Build.0 = Debug|x64
		{B3A13D47-69FC-498B-BE10-EFEAB0265CC6}.Debug|x86.ActiveCfg = Debug|Win32
		{B3A13D47-69FC-498B-BE10-EFEAB0265CC6}.Debug|x86.Build.0 = Debug|Win32
		{B3A13D47-69FC-498B-BE10-EFEAB0265CC6}.Release|x64.ActiveCfg = Release|x64
		{B3A13D47-69FC-498B-BE10-EFEAB0265CC6}.Release|x64.Build.0 = Release|x64
		{B3A13D47-69FC-498B-BE10-EFEAB0265CC6}.Release|x86.ActiveCfg = Release|Win32
		{B3A13D47-69FC-498B-BE10-EFEAB0265CC6}.Release|x86.Build.0 = Release|Win32
	EndGlobalSection
	GlobalSection(SolutionProperties) = preSolution
		HideSolutionNode = FALSE
	EndGlobalSection
	GlobalSection(ExtensibilityGlobals) = postSolution
		SolutionGuid = {8D5484B7-74E0-4CC4-B519-BBC81D116FD0}
	EndGlobalSection
EndGlobal
